
Microsoft Visual Studio Solution File, Format Version 12.00
# Visual Studio 2013
VisualStudioVersion = 12.0.30110.0
MinimumVisualStudioVersion = 10.0.40219.1
Project("{FAE04EC0-301F-11D3-BF4B-00C04F79EFBC}") = "Clankyfoot", "Clankyfoot\Clankyfoot.csproj", "{8046D789-C936-413A-9CB3-37D21E390C30}"
EndProject
Project("{FAE04EC0-301F-11D3-BF4B-00C04F79EFBC}") = "Helpers", "Helpers\Helpers.csproj", "{510B0906-AD14-4859-9D81-D613F66D4690}"
EndProject
Project("{FAE04EC0-301F-11D3-BF4B-00C04F79EFBC}") = "UnitTestProject", "UnitTestProject\UnitTestProject.csproj", "{5BAC88D4-2551-4F68-BD7F-79689EB50CEB}"
EndProject
Global
	GlobalSection(SolutionConfigurationPlatforms) = preSolution
		Debug|Any CPU = Debug|Any CPU
		Release|Any CPU = Release|Any CPU
	EndGlobalSection
	GlobalSection(ProjectConfigurationPlatforms) = postSolution
		{8046D789-C936-413A-9CB3-37D21E390C30}.Debug|Any CPU.ActiveCfg = Debug|Any CPU
		{8046D789-C936-413A-9CB3-37D21E390C30}.Debug|Any CPU.Build.0 = Debug|Any CPU
		{8046D789-C936-413A-9CB3-37D21E390C30}.Release|Any CPU.ActiveCfg = Release|Any CPU
		{8046D789-C936-413A-9CB3-37D21E390C30}.Release|Any CPU.Build.0 = Release|Any CPU
		{510B0906-AD14-4859-9D81-D613F66D4690}.Debug|Any CPU.ActiveCfg = Debug|Any CPU
		{510B0906-AD14-4859-9D81-D613F66D4690}.Debug|Any CPU.Build.0 = Debug|Any CPU
		{510B0906-AD14-4859-9D81-D613F66D4690}.Release|Any CPU.ActiveCfg = Release|Any CPU
		{510B0906-AD14-4859-9D81-D613F66D4690}.Release|Any CPU.Build.0 = Release|Any CPU
		{5BAC88D4-2551-4F68-BD7F-79689EB50CEB}.Debug|Any CPU.ActiveCfg = Debug|Any CPU
		{5BAC88D4-2551-4F68-BD7F-79689EB50CEB}.Debug|Any CPU.Build.0 = Debug|Any CPU
		{5BAC88D4-2551-4F68-BD7F-79689EB50CEB}.Release|Any CPU.ActiveCfg = Release|Any CPU
		{5BAC88D4-2551-4F68-BD7F-79689EB50CEB}.Release|Any CPU.Build.0 = Release|Any CPU
	EndGlobalSection
	GlobalSection(SolutionProperties) = preSolution
		HideSolutionNode = FALSE
	EndGlobalSection
EndGlobal
